
Microsoft Visual Studio Solution File, Format Version 12.00
# Visual Studio Version 17
VisualStudioVersion = 17.8.34511.84
MinimumVisualStudioVersion = 10.0.40219.1
Project("{FAE04EC0-301F-11D3-BF4B-00C04F79EFBC}") = "PortfolioM", "PortfolioM.csproj", "{CF19CFF0-404D-4088-8BF5-7FA2CFF9B27D}"
EndProject
Global
	GlobalSection(SolutionConfigurationPlatforms) = preSolution
		Debug|Any CPU = Debug|Any CPU
		Release|Any CPU = Release|Any CPU
	EndGlobalSection
	GlobalSection(ProjectConfigurationPlatforms) = postSolution
		{CF19CFF0-404D-4088-8BF5-7FA2CFF9B27D}.Debug|Any CPU.ActiveCfg = Debug|Any CPU
		{CF19CFF0-404D-4088-8BF5-7FA2CFF9B27D}.Debug|Any CPU.Build.0 = Debug|Any CPU
		{CF19CFF0-404D-4088-8BF5-7FA2CFF9B27D}.Release|Any CPU.ActiveCfg = Release|Any CPU
		{CF19CFF0-404D-4088-8BF5-7FA2CFF9B27D}.Release|Any CPU.Build.0 = Release|Any CPU
	EndGlobalSection
	GlobalSection(SolutionProperties) = preSolution
		HideSolutionNode = FALSE
	EndGlobalSection
	GlobalSection(ExtensibilityGlobals) = postSolution
		SolutionGuid = {A3C1D2B1-64AE-4819-A362-8FD7D9C17130}
	EndGlobalSection
EndGlobal
